// !$*UTF8*$!
{
	archiveVersion = 1;
	classes = {
	};
	objectVersion = 60;
	objects = {

/* Begin PBXBuildFile section */
		A10000000000000000000021 /* AppState.swift in Sources */ = {isa = PBXBuildFile; fileRef = A10000000000000000000011 /* AppState.swift */; };
		A10000000000000000000022 /* AppView.swift in Sources */ = {isa = PBXBuildFile; fileRef = A10000000000000000000012 /* AppView.swift */; };
		A10000000000000000000023 /* BackendClient.swift in Sources */ = {isa = PBXBuildFile; fileRef = A10000000000000000000013 /* BackendClient.swift */; };
		A10000000000000000000024 /* DesignSystem.swift in Sources */ = {isa = PBXBuildFile; fileRef = A10000000000000000000014 /* DesignSystem.swift */; };
		A10000000000000000000025 /* MockData.swift in Sources */ = {isa = PBXBuildFile; fileRef = A10000000000000000000015 /* MockData.swift */; };
		A10000000000000000000026 /* Models.swift in Sources */ = {isa = PBXBuildFile; fileRef = A10000000000000000000016 /* Models.swift */; };
		A10000000000000000000027 /* WearableCompanionApp.swift in Sources */ = {isa = PBXBuildFile; fileRef = A10000000000000000000017 /* WearableCompanionApp.swift */; };
		A10000000000000000000028 /* DevicePairingView.swift in Sources */ = {isa = PBXBuildFile; fileRef = A10000000000000000000018 /* DevicePairingView.swift */; };
		A10000000000000000000029 /* InsightsView.swift in Sources */ = {isa = PBXBuildFile; fileRef = A10000000000000000000019 /* InsightsView.swift */; };
		A1000000000000000000002A /* RecordingsView.swift in Sources */ = {isa = PBXBuildFile; fileRef = A1000000000000000000001A /* RecordingsView.swift */; };
		A1000000000000000000002B /* SettingsView.swift in Sources */ = {isa = PBXBuildFile; fileRef = A1000000000000000000001B /* SettingsView.swift */; };
		A1000000000000000000002C /* BLEAudioModels.swift in Sources */ = {isa = PBXBuildFile; fileRef = A1000000000000000000001C /* BLEAudioModels.swift */; };
		A1000000000000000000002D /* WearableBLEManager.swift in Sources */ = {isa = PBXBuildFile; fileRef = A1000000000000000000001D /* WearableBLEManager.swift */; };
		A1000000000000000000002E /* AudioPlaybackController.swift in Sources */ = {isa = PBXBuildFile; fileRef = A1000000000000000000001E /* AudioPlaybackController.swift */; };
/* End PBXBuildFile section */

/* Begin PBXFileReference section */
		A10000000000000000000001 /* WearableCompanion.app */ = {isa = PBXFileReference; explicitFileType = wrapper.application; includeInIndex = 0; path = WearableCompanion.app; sourceTree = BUILT_PRODUCTS_DIR; };
		A10000000000000000000011 /* AppState.swift */ = {isa = PBXFileReference; lastKnownFileType = sourcecode.swift; name = AppState.swift; path = ../WearableCompanion/Sources/WearableCompanion/AppState.swift; sourceTree = SOURCE_ROOT; };
		A10000000000000000000012 /* AppView.swift */ = {isa = PBXFileReference; lastKnownFileType = sourcecode.swift; name = AppView.swift; path = ../WearableCompanion/Sources/WearableCompanion/AppView.swift; sourceTree = SOURCE_ROOT; };
		A10000000000000000000013 /* BackendClient.swift */ = {isa = PBXFileReference; lastKnownFileType = sourcecode.swift; name = BackendClient.swift; path = ../WearableCompanion/Sources/WearableCompanion/BackendClient.swift; sourceTree = SOURCE_ROOT; };
		A10000000000000000000014 /* DesignSystem.swift */ = {isa = PBXFileReference; lastKnownFileType = sourcecode.swift; name = DesignSystem.swift; path = ../WearableCompanion/Sources/WearableCompanion/DesignSystem.swift; sourceTree = SOURCE_ROOT; };
		A10000000000000000000015 /* MockData.swift */ = {isa = PBXFileReference; lastKnownFileType = sourcecode.swift; name = MockData.swift; path = ../WearableCompanion/Sources/WearableCompanion/MockData.swift; sourceTree = SOURCE_ROOT; };
		A10000000000000000000016 /* Models.swift */ = {isa = PBXFileReference; lastKnownFileType = sourcecode.swift; name = Models.swift; path = ../WearableCompanion/Sources/WearableCompanion/Models.swift; sourceTree = SOURCE_ROOT; };
		A10000000000000000000017 /* WearableCompanionApp.swift */ = {isa = PBXFileReference; lastKnownFileType = sourcecode.swift; name = WearableCompanionApp.swift; path = ../WearableCompanion/Sources/WearableCompanion/WearableCompanionApp.swift; sourceTree = SOURCE_ROOT; };
		A10000000000000000000018 /* DevicePairingView.swift */ = {isa = PBXFileReference; lastKnownFileType = sourcecode.swift; name = DevicePairingView.swift; path = ../WearableCompanion/Sources/WearableCompanion/Features/DevicePairingView.swift; sourceTree = SOURCE_ROOT; };
		A10000000000000000000019 /* InsightsView.swift */ = {isa = PBXFileReference; lastKnownFileType = sourcecode.swift; name = InsightsView.swift; path = ../WearableCompanion/Sources/WearableCompanion/Features/InsightsView.swift; sourceTree = SOURCE_ROOT; };
		A1000000000000000000001A /* RecordingsView.swift */ = {isa = PBXFileReference; lastKnownFileType = sourcecode.swift; name = RecordingsView.swift; path = ../WearableCompanion/Sources/WearableCompanion/Features/RecordingsView.swift; sourceTree = SOURCE_ROOT; };
		A1000000000000000000001B /* SettingsView.swift */ = {isa = PBXFileReference; lastKnownFileType = sourcecode.swift; name = SettingsView.swift; path = ../WearableCompanion/Sources/WearableCompanion/Features/SettingsView.swift; sourceTree = SOURCE_ROOT; };
		A1000000000000000000001C /* BLEAudioModels.swift */ = {isa = PBXFileReference; lastKnownFileType = sourcecode.swift; name = BLEAudioModels.swift; path = ../WearableCompanion/Sources/WearableCompanion/BLEAudioModels.swift; sourceTree = SOURCE_ROOT; };
		A1000000000000000000001D /* WearableBLEManager.swift */ = {isa = PBXFileReference; lastKnownFileType = sourcecode.swift; name = WearableBLEManager.swift; path = ../WearableCompanion/Sources/WearableCompanion/WearableBLEManager.swift; sourceTree = SOURCE_ROOT; };
		A1000000000000000000001E /* AudioPlaybackController.swift */ = {isa = PBXFileReference; lastKnownFileType = sourcecode.swift; name = AudioPlaybackController.swift; path = ../WearableCompanion/Sources/WearableCompanion/AudioPlaybackController.swift; sourceTree = SOURCE_ROOT; };
/* End PBXFileReference section */

/* Begin PBXFrameworksBuildPhase section */
		A10000000000000000000031 /* Frameworks */ = {
			isa = PBXFrameworksBuildPhase;
			buildActionMask = 2147483647;
			files = (
			);
			runOnlyForDeploymentPostprocessing = 0;
		};
/* End PBXFrameworksBuildPhase section */

/* Begin PBXGroup section */
		A10000000000000000000040 = {
			isa = PBXGroup;
			children = (
				A10000000000000000000041 /* WearableCompanion */,
				A10000000000000000000042 /* Products */,
			);
			sourceTree = "<group>";
		};
		A10000000000000000000041 /* WearableCompanion */ = {
			isa = PBXGroup;
			children = (
				A10000000000000000000011 /* AppState.swift */,
				A10000000000000000000012 /* AppView.swift */,
				A10000000000000000000013 /* BackendClient.swift */,
				A10000000000000000000014 /* DesignSystem.swift */,
				A10000000000000000000015 /* MockData.swift */,
				A10000000000000000000016 /* Models.swift */,
				A10000000000000000000017 /* WearableCompanionApp.swift */,
				A1000000000000000000001C /* BLEAudioModels.swift */,
				A1000000000000000000001D /* WearableBLEManager.swift */,
				A1000000000000000000001E /* AudioPlaybackController.swift */,
				A10000000000000000000043 /* Features */,
			);
			path = WearableCompanion;
			sourceTree = "<group>";
		};
		A10000000000000000000042 /* Products */ = {
			isa = PBXGroup;
			children = (
				A10000000000000000000001 /* WearableCompanion.app */,
			);
			name = Products;
			sourceTree = "<group>";
		};
		A10000000000000000000043 /* Features */ = {
			isa = PBXGroup;
			children = (
				A10000000000000000000018 /* DevicePairingView.swift */,
				A10000000000000000000019 /* InsightsView.swift */,
				A1000000000000000000001A /* RecordingsView.swift */,
				A1000000000000000000001B /* SettingsView.swift */,
			);
			name = Features;
			sourceTree = "<group>";
		};
/* End PBXGroup section */

/* Begin PBXNativeTarget section */
		A10000000000000000000050 /* WearableCompanion */ = {
			isa = PBXNativeTarget;
			buildConfigurationList = A10000000000000000000070 /* Build configuration list for PBXNativeTarget "WearableCompanion" */;
			buildPhases = (
				A10000000000000000000030 /* Sources */,
				A10000000000000000000031 /* Frameworks */,
				A10000000000000000000032 /* Resources */,
			);
			buildRules = (
			);
			dependencies = (
			);
			name = WearableCompanion;
			productName = WearableCompanion;
			productReference = A10000000000000000000001 /* WearableCompanion.app */;
			productType = "com.apple.product-type.application";
		};
/* End PBXNativeTarget section */

/* Begin PBXProject section */
		A10000000000000000000060 /* Project object */ = {
			isa = PBXProject;
			attributes = {
				BuildIndependentTargetsInParallel = 1;
				LastSwiftUpdateCheck = 2660;
				LastUpgradeCheck = 2660;
				TargetAttributes = {
					A10000000000000000000050 = {
						CreatedOnToolsVersion = 26.6;
					};
				};
			};
			buildConfigurationList = A10000000000000000000061 /* Build configuration list for PBXProject "WearableCompanionApp" */;
			compatibilityVersion = "Xcode 15.0";
			developmentRegion = en;
			hasScannedForEncodings = 0;
			knownRegions = (
				en,
				Base,
			);
			mainGroup = A10000000000000000000040;
			productRefGroup = A10000000000000000000042 /* Products */;
			projectDirPath = "";
			projectRoot = "";
			targets = (
				A10000000000000000000050 /* WearableCompanion */,
			);
		};
/* End PBXProject section */

/* Begin PBXResourcesBuildPhase section */
		A10000000000000000000032 /* Resources */ = {
			isa = PBXResourcesBuildPhase;
			buildActionMask = 2147483647;
			files = (
			);
			runOnlyForDeploymentPostprocessing = 0;
		};
/* End PBXResourcesBuildPhase section */

/* Begin PBXSourcesBuildPhase section */
		A10000000000000000000030 /* Sources */ = {
			isa = PBXSourcesBuildPhase;
			buildActionMask = 2147483647;
			files = (
				A10000000000000000000021 /* AppState.swift in Sources */,
				A10000000000000000000022 /* AppView.swift in Sources */,
				A10000000000000000000023 /* BackendClient.swift in Sources */,
				A10000000000000000000024 /* DesignSystem.swift in Sources */,
				A10000000000000000000025 /* MockData.swift in Sources */,
				A10000000000000000000026 /* Models.swift in Sources */,
				A10000000000000000000027 /* WearableCompanionApp.swift in Sources */,
				A10000000000000000000028 /* DevicePairingView.swift in Sources */,
				A10000000000000000000029 /* InsightsView.swift in Sources */,
				A1000000000000000000002A /* RecordingsView.swift in Sources */,
				A1000000000000000000002B /* SettingsView.swift in Sources */,
				A1000000000000000000002C /* BLEAudioModels.swift in Sources */,
				A1000000000000000000002D /* WearableBLEManager.swift in Sources */,
				A1000000000000000000002E /* AudioPlaybackController.swift in Sources */,
			);
			runOnlyForDeploymentPostprocessing = 0;
		};
/* End PBXSourcesBuildPhase section */

/* Begin XCBuildConfiguration section */
		A10000000000000000000062 /* Debug */ = {
			isa = XCBuildConfiguration;
			buildSettings = {
				ALWAYS_SEARCH_USER_PATHS = NO;
				CLANG_ANALYZER_NONNULL = YES;
				CLANG_ANALYZER_NUMBER_OBJECT_CONVERSION = YES_AGGRESSIVE;
				CLANG_CXX_LANGUAGE_STANDARD = "gnu++20";
				CLANG_ENABLE_MODULES = YES;
				CLANG_ENABLE_OBJC_ARC = YES;
				CLANG_ENABLE_OBJC_WEAK = YES;
				CLANG_WARN_BLOCK_CAPTURE_AUTORELEASING = YES;
				CLANG_WARN_BOOL_CONVERSION = YES;
				CLANG_WARN_COMMA = YES;
				CLANG_WARN_CONSTANT_CONVERSION = YES;
				CLANG_WARN_DEPRECATED_OBJC_IMPLEMENTATIONS = YES;
				CLANG_WARN_DIRECT_OBJC_ISA_USAGE = YES_ERROR;
				CLANG_WARN_DOCUMENTATION_COMMENTS = YES;
				CLANG_WARN_EMPTY_BODY = YES;
				CLANG_WARN_ENUM_CONVERSION = YES;
				CLANG_WARN_INFINITE_RECURSION = YES;
				CLANG_WARN_INT_CONVERSION = YES;
				CLANG_WARN_NON_LITERAL_NULL_CONVERSION = YES;
				CLANG_WARN_OBJC_IMPLICIT_RETAIN_SELF = YES;
				CLANG_WARN_OBJC_LITERAL_CONVERSION = YES;
				CLANG_WARN_OBJC_ROOT_CLASS = YES_ERROR;
				CLANG_WARN_QUOTED_INCLUDE_IN_FRAMEWORK_HEADER = YES;
				CLANG_WARN_RANGE_LOOP_ANALYSIS = YES;
				CLANG_WARN_STRICT_PROTOTYPES = YES;
				CLANG_WARN_SUSPICIOUS_MOVE = YES;
				CLANG_WARN_UNGUARDED_AVAILABILITY = YES_AGGRESSIVE;
				CLANG_WARN_UNREACHABLE_CODE = YES;
				CLANG_WARN__DUPLICATE_METHOD_MATCH = YES;
				COPY_PHASE_STRIP = NO;
				DEBUG_INFORMATION_FORMAT = dwarf;
				ENABLE_STRICT_OBJC_MSGSEND = YES;
				ENABLE_TESTABILITY = YES;
				ENABLE_USER_SCRIPT_SANDBOXING = YES;
				GCC_C_LANGUAGE_STANDARD = gnu17;
				GCC_DYNAMIC_NO_PIC = NO;
				GCC_NO_COMMON_BLOCKS = YES;
				GCC_OPTIMIZATION_LEVEL = 0;
				GCC_PREPROCESSOR_DEFINITIONS = (
					"DEBUG=1",
					"$(inherited)",
				);
				GCC_WARN_64_TO_32_BIT_CONVERSION = YES;
				GCC_WARN_ABOUT_RETURN_TYPE = YES_ERROR;
				GCC_WARN_UNDECLARED_SELECTOR = YES;
				GCC_WARN_UNINITIALIZED_AUTOS = YES_AGGRESSIVE;
				GCC_WARN_UNUSED_FUNCTION = YES;
				GCC_WARN_UNUSED_VARIABLE = YES;
				IPHONEOS_DEPLOYMENT_TARGET = 17.0;
				MTL_ENABLE_DEBUG_INFO = INCLUDE_SOURCE;
				MTL_FAST_MATH = YES;
				ONLY_ACTIVE_ARCH = YES;
				SDKROOT = iphoneos;
				SWIFT_ACTIVE_COMPILATION_CONDITIONS = "DEBUG $(inherited)";
				SWIFT_OPTIMIZATION_LEVEL = "-Onone";
			};
			name = Debug;
		};
		A10000000000000000000063 /* Release */ = {
			isa = XCBuildConfiguration;
			buildSettings = {
				ALWAYS_SEARCH_USER_PATHS = NO;
				CLANG_ANALYZER_NONNULL = YES;
				CLANG_ANALYZER_NUMBER_OBJECT_CONVERSION = YES_AGGRESSIVE;
				CLANG_CXX_LANGUAGE_STANDARD = "gnu++20";
				CLANG_ENABLE_MODULES = YES;
				CLANG_ENABLE_OBJC_ARC = YES;
				CLANG_ENABLE_OBJC_WEAK = YES;
				CLANG_WARN_BLOCK_CAPTURE_AUTORELEASING = YES;
				CLANG_WARN_BOOL_CONVERSION = YES;
				CLANG_WARN_COMMA = YES;
				CLANG_WARN_CONSTANT_CONVERSION = YES;
				CLANG_WARN_DEPRECATED_OBJC_IMPLEMENTATIONS = YES;
				CLANG_WARN_DIRECT_OBJC_ISA_USAGE = YES_ERROR;
				CLANG_WARN_DOCUMENTATION_COMMENTS = YES;
				CLANG_WARN_EMPTY_BODY = YES;
				CLANG_WARN_ENUM_CONVERSION = YES;
				CLANG_WARN_INFINITE_RECURSION = YES;
				CLANG_WARN_INT_CONVERSION = YES;
				CLANG_WARN_NON_LITERAL_NULL_CONVERSION = YES;
				CLANG_WARN_OBJC_IMPLICIT_RETAIN_SELF = YES;
				CLANG_WARN_OBJC_LITERAL_CONVERSION = YES;
				CLANG_WARN_OBJC_ROOT_CLASS = YES_ERROR;
				CLANG_WARN_QUOTED_INCLUDE_IN_FRAMEWORK_HEADER = YES;
				CLANG_WARN_RANGE_LOOP_ANALYSIS = YES;
				CLANG_WARN_STRICT_PROTOTYPES = YES;
				CLANG_WARN_SUSPICIOUS_MOVE = YES;
				CLANG_WARN_UNGUARDED_AVAILABILITY = YES_AGGRESSIVE;
				CLANG_WARN_UNREACHABLE_CODE = YES;
				CLANG_WARN__DUPLICATE_METHOD_MATCH = YES;
				COPY_PHASE_STRIP = NO;
				DEBUG_INFORMATION_FORMAT = "dwarf-with-dsym";
				ENABLE_NS_ASSERTIONS = NO;
				ENABLE_STRICT_OBJC_MSGSEND = YES;
				ENABLE_USER_SCRIPT_SANDBOXING = YES;
				GCC_C_LANGUAGE_STANDARD = gnu17;
				GCC_NO_COMMON_BLOCKS = YES;
				GCC_WARN_64_TO_32_BIT_CONVERSION = YES;
				GCC_WARN_ABOUT_RETURN_TYPE = YES_ERROR;
				GCC_WARN_UNDECLARED_SELECTOR = YES;
				GCC_WARN_UNINITIALIZED_AUTOS = YES_AGGRESSIVE;
				GCC_WARN_UNUSED_FUNCTION = YES;
				GCC_WARN_UNUSED_VARIABLE = YES;
				IPHONEOS_DEPLOYMENT_TARGET = 17.0;
				MTL_ENABLE_DEBUG_INFO = NO;
				MTL_FAST_MATH = YES;
				SDKROOT = iphoneos;
				SWIFT_COMPILATION_MODE = wholemodule;
				SWIFT_OPTIMIZATION_LEVEL = "-O";
				VALIDATE_PRODUCT = YES;
			};
			name = Release;
		};
		A10000000000000000000071 /* Debug */ = {
			isa = XCBuildConfiguration;
			buildSettings = {
				ASSETCATALOG_COMPILER_APPICON_NAME = AppIcon;
				CODE_SIGN_STYLE = Automatic;
				CURRENT_PROJECT_VERSION = 1;
				DEVELOPMENT_TEAM = 5FWR7995DT;
				ENABLE_PREVIEWS = YES;
				GENERATE_INFOPLIST_FILE = YES;
				INFOPLIST_KEY_CFBundleDisplayName = "Wearable Companion";
				INFOPLIST_KEY_LSApplicationCategoryType = "public.app-category.healthcare-fitness";
				INFOPLIST_KEY_NSBluetoothAlwaysUsageDescription = "Wearable Companion uses Bluetooth to find the XIAO wearable, start and stop recordings, and download saved audio.";
				INFOPLIST_KEY_UIApplicationSceneManifest_Generation = YES;
				INFOPLIST_KEY_UIApplicationSupportsIndirectInputEvents = YES;
				INFOPLIST_KEY_UIFileSharingEnabled = YES;
				INFOPLIST_KEY_UILaunchScreen_Generation = YES;
				INFOPLIST_KEY_UISupportedInterfaceOrientations_iPad = "UIInterfaceOrientationPortrait UIInterfaceOrientationPortraitUpsideDown UIInterfaceOrientationLandscapeLeft UIInterfaceOrientationLandscapeRight";
				INFOPLIST_KEY_UISupportedInterfaceOrientations_iPhone = "UIInterfaceOrientationPortrait UIInterfaceOrientationLandscapeLeft UIInterfaceOrientationLandscapeRight";
				IPHONEOS_DEPLOYMENT_TARGET = 17.0;
				LD_RUNPATH_SEARCH_PATHS = (
					"$(inherited)",
					"@executable_path/Frameworks",
				);
				MARKETING_VERSION = 0.1;
				PRODUCT_BUNDLE_IDENTIFIER = com.example.WearableCompanion;
				PRODUCT_NAME = "$(TARGET_NAME)";
				SUPPORTED_PLATFORMS = "iphoneos iphonesimulator";
				SUPPORTS_MACCATALYST = NO;
				SUPPORTS_MAC_DESIGNED_FOR_IPHONE_IPAD = NO;
				SWIFT_EMIT_LOC_STRINGS = YES;
				SWIFT_VERSION = 5.0;
				TARGETED_DEVICE_FAMILY = "1,2";
			};
			name = Debug;
		};
		A10000000000000000000072 /* Release */ = {
			isa = XCBuildConfiguration;
			buildSettings = {
				ASSETCATALOG_COMPILER_APPICON_NAME = AppIcon;
				CODE_SIGN_STYLE = Automatic;
				CURRENT_PROJECT_VERSION = 1;
				DEVELOPMENT_TEAM = 5FWR7995DT;
				ENABLE_PREVIEWS = YES;
				GENERATE_INFOPLIST_FILE = YES;
				INFOPLIST_KEY_CFBundleDisplayName = "Wearable Companion";
				INFOPLIST_KEY_LSApplicationCategoryType = "public.app-category.healthcare-fitness";
				INFOPLIST_KEY_NSBluetoothAlwaysUsageDescription = "Wearable Companion uses Bluetooth to find the XIAO wearable, start and stop recordings, and download saved audio.";
				INFOPLIST_KEY_UIApplicationSceneManifest_Generation = YES;
				INFOPLIST_KEY_UIApplicationSupportsIndirectInputEvents = YES;
				INFOPLIST_KEY_UIFileSharingEnabled = YES;
				INFOPLIST_KEY_UILaunchScreen_Generation = YES;
				INFOPLIST_KEY_UISupportedInterfaceOrientations_iPad = "UIInterfaceOrientationPortrait UIInterfaceOrientationPortraitUpsideDown UIInterfaceOrientationLandscapeLeft UIInterfaceOrientationLandscapeRight";
				INFOPLIST_KEY_UISupportedInterfaceOrientations_iPhone = "UIInterfaceOrientationPortrait UIInterfaceOrientationLandscapeLeft UIInterfaceOrientationLandscapeRight";
				IPHONEOS_DEPLOYMENT_TARGET = 17.0;
				LD_RUNPATH_SEARCH_PATHS = (
					"$(inherited)",
					"@executable_path/Frameworks",
				);
				MARKETING_VERSION = 0.1;
				PRODUCT_BUNDLE_IDENTIFIER = com.example.WearableCompanion;
				PRODUCT_NAME = "$(TARGET_NAME)";
				SUPPORTED_PLATFORMS = "iphoneos iphonesimulator";
				SUPPORTS_MACCATALYST = NO;
				SUPPORTS_MAC_DESIGNED_FOR_IPHONE_IPAD = NO;
				SWIFT_EMIT_LOC_STRINGS = YES;
				SWIFT_VERSION = 5.0;
				TARGETED_DEVICE_FAMILY = "1,2";
			};
			name = Release;
		};
/* End XCBuildConfiguration section */

/* Begin XCConfigurationList section */
		A10000000000000000000061 /* Build configuration list for PBXProject "WearableCompanionApp" */ = {
			isa = XCConfigurationList;
			buildConfigurations = (
				A10000000000000000000062 /* Debug */,
				A10000000000000000000063 /* Release */,
			);
			defaultConfigurationIsVisible = 0;
			defaultConfigurationName = Release;
		};
		A10000000000000000000070 /* Build configuration list for PBXNativeTarget "WearableCompanion" */ = {
			isa = XCConfigurationList;
			buildConfigurations = (
				A10000000000000000000071 /* Debug */,
				A10000000000000000000072 /* Release */,
			);
			defaultConfigurationIsVisible = 0;
			defaultConfigurationName = Release;
		};
/* End XCConfigurationList section */
	};
	rootObject = A10000000000000000000060 /* Project object */;
}
